
Microsoft Visual Studio Solution File, Format Version 12.00
# Visual Studio Version 17
VisualStudioVersion = 17.13.35828.75
MinimumVisualStudioVersion = 10.0.40219.1
Project("{8BC9CEB8-8B4A-11D0-8D11-00A0C91BC942}") = "Arrays", "Arrays\Arrays.vcxproj", "{BA59AE41-75D0-42A9-95B3-705FFEA3D173}"
EndProject
Project("{8BC9CEB8-8B4A-11D0-8D11-00A0C91BC942}") = "Shift", "Shift\Shift.vcxproj", "{034E1317-0665-41A5-B1EF-E9FF468BB046}"
EndProject
Project("{8BC9CEB8-8B4A-11D0-8D11-00A0C91BC942}") = "SysCalc", "SysCalc\SysCalc.vcxproj", "{3DBE8E23-F7E7-4153-9E42-E0759F6EBC97}"
EndProject
Project("{8BC9CEB8-8B4A-11D0-8D11-00A0C91BC942}") = "Functions", "Functions\Functions.vcxproj", "{300BC583-1EA7-4C41-85BC-9514E9BBF606}"
EndProject
Project("{8BC9CEB8-8B4A-11D0-8D11-00A0C91BC942}") = "FunctionsWithArrays", "FunctionsWithArrays\FunctionsWithArrays.vcxproj", "{57196A20-C878-453D-B22C-88250C984398}"
EndProject
Project("{8BC9CEB8-8B4A-11D0-8D11-00A0C91BC942}") = "TemplateDllTest", "TemplateDllTest\TemplateDllTest.vcxproj", "{EEBC5879-C0D5-415E-B95E-35503EBAA5A5}"
EndProject
Global
	GlobalSection(SolutionConfigurationPlatforms) = preSolution
		Debug|x64 = Debug|x64
		Debug|x86 = Debug|x86
		Release|x64 = Release|x64
		Release|x86 = Release|x86
	EndGlobalSection
	GlobalSection(ProjectConfigurationPlatforms) = postSolution
		{BA59AE41-75D0-42A9-95B3-705FFEA3D173}.Debug|x64.ActiveCfg = Debug|x64
		{BA59AE41-75D0-42A9-95B3-705FFEA3D173}.Debug|x64.Build.0 = Debug|x64
		{BA59AE41-75D0-42A9-95B3-705FFEA3D173}.Debug|x86.ActiveCfg = Debug|Win32
		{BA59AE41-75D0-42A9-95B3-705FFEA3D173}.Debug|x86.Build.0 = Debug|Win32
		{BA59AE41-75D0-42A9-95B3-705FFEA3D173}.Release|x64.ActiveCfg = Release|x64
		{BA59AE41-75D0-42A9-95B3-705FFEA3D173}.Release|x64.Build.0 = Release|x64
		{BA59AE41-75D0-42A9-95B3-705FFEA3D173}.Release|x86.ActiveCfg = Release|Win32
		{BA59AE41-75D0-42A9-95B3-705FFEA3D173}.Release|x86.Build.0 = Release|Win32
		{034E1317-0665-41A5-B1EF-E9FF468BB046}.Debug|x64.ActiveCfg = Debug|x64
		{034E1317-0665-41A5-B1EF-E9FF468BB046}.Debug|x64.Build.0 = Debug|x64
		{034E1317-0665-41A5-B1EF-E9FF468BB046}.Debug|x86.ActiveCfg = Debug|Win32
		{034E1317-0665-41A5-B1EF-E9FF468BB046}.Debug|x86.Build.0 = Debug|Win32
		{034E1317-0665-41A5-B1EF-E9FF468BB046}.Release|x64.ActiveCfg = Release|x64
		{034E1317-0665-41A5-B1EF-E9FF468BB046}.Release|x64.Build.0 = Release|x64
		{034E1317-0665-41A5-B1EF-E9FF468BB046}.Release|x86.ActiveCfg = Release|Win32
		{034E1317-0665-41A5-B1EF-E9FF468BB046}.Release|x86.Build.0 = Release|Win32
		{3DBE8E23-F7E7-4153-9E42-E0759F6EBC97}.Debug|x64.ActiveCfg = Debug|x64
		{3DBE8E23-F7E7-4153-9E42-E0759F6EBC97}.Debug|x64.Build.0 = Debug|x64
		{3DBE8E23-F7E7-4153-9E42-E0759F6EBC97}.Debug|x86.ActiveCfg = Debug|Win32
		{3DBE8E23-F7E7-4153-9E42-E0759F6EBC97}.Debug|x86.Build.0 = Debug|Win32
		{3DBE8E23-F7E7-4153-9E42-E0759F6EBC97}.Release|x64.ActiveCfg = Release|x64
		{3DBE8E23-F7E7-4153-9E42-E0759F6EBC97}.Release|x64.Build.0 = Release|x64
		{3DBE8E23-F7E7-4153-9E42-E0759F6EBC97}.Release|x86.ActiveCfg = Release|Win32
		{3DBE8E23-F7E7-4153-9E42-E0759F6EBC97}.Release|x86.Build.0 = Release|Win32
		{300BC583-1EA7-4C41-85BC-9514E9BBF606}.Debug|x64.ActiveCfg = Debug|x64
		{300BC583-1EA7-4C41-85BC-9514E9BBF606}.Debug|x64.Build.0 = Debug|x64
		{300BC583-1EA7-4C41-85BC-9514E9BBF606}.Debug|x86.ActiveCfg = Debug|Win32
		{300BC583-1EA7-4C41-85BC-9514E9BBF606}.Debug|x86.Build.0 = Debug|Win32
		{300BC583-1EA7-4C41-85BC-9514E9BBF606}.Release|x64.ActiveCfg = Release|x64
		{300BC583-1EA7-4C41-85BC-9514E9BBF606}.Release|x64.Build.0 = Release|x64
		{300BC583-1EA7-4C41-85BC-9514E9BBF606}.Release|x86.ActiveCfg = Release|Win32
		{300BC583-1EA7-4C41-85BC-9514E9BBF606}.Release|x86.Build.0 = Release|Win32
		{57196A20-C878-453D-B22C-88250C984398}.Debug|x64.ActiveCfg = Debug|x64
		{57196A20-C878-453D-B22C-88250C984398}.Debug|x64.Build.0 = Debug|x64
		{57196A20-C878-453D-B22C-88250C984398}.Debug|x86.ActiveCfg = Debug|Win32
		{57196A20-C878-453D-B22C-88250C984398}.Debug|x86.Build.0 = Debug|Win32
		{57196A20-C878-453D-B22C-88250C984398}.Release|x64.ActiveCfg = Release|x64
		{57196A20-C878-453D-B22C-88250C984398}.Release|x64.Build.0 = Release|x64
		{57196A20-C878-453D-B22C-88250C984398}.Release|x86.ActiveCfg = Release|Win32
		{57196A20-C878-453D-B22C-88250C984398}.Release|x86.Build.0 = Release|Win32
		{EEBC5879-C0D5-415E-B95E-35503EBAA5A5}.Debug|x64.ActiveCfg = Debug|x64
		{EEBC5879-C0D5-415E-B95E-35503EBAA5A5}.Debug|x64.Build.0 = Debug|x64
		{EEBC5879-C0D5-415E-B95E-35503EBAA5A5}.Debug|x86.ActiveCfg = Debug|Win32
		{EEBC5879-C0D5-415E-B95E-35503EBAA5A5}.Debug|x86.Build.0 = Debug|Win32
		{EEBC5879-C0D5-415E-B95E-35503EBAA5A5}.Release|x64.ActiveCfg = Release|x64
		{EEBC5879-C0D5-415E-B95E-35503EBAA5A5}.Release|x64.Build.0 = Release|x64
		{EEBC5879-C0D5-415E-B95E-35503EBAA5A5}.Release|x86.ActiveCfg = Release|Win32
		{EEBC5879-C0D5-415E-B95E-35503EBAA5A5}.Release|x86.Build.0 = Release|Win32
	EndGlobalSection
	GlobalSection(SolutionProperties) = preSolution
		HideSolutionNode = FALSE
	EndGlobalSection
	GlobalSection(ExtensibilityGlobals) = postSolution
		SolutionGuid = {9FBE70E7-E31B-422E-8CE9-8DCCE4478173}
	EndGlobalSection
EndGlobal
